
Microsoft Visual Studio Solution File, Format Version 12.00
# Visual Studio Version 16
VisualStudioVersion = 16.0.30804.86
MinimumVisualStudioVersion = 10.0.40219.1
Project("{FAE04EC0-301F-11D3-BF4B-00C04F79EFBC}") = "WindowsFormsApp5", "WindowsFormsApp5\WindowsFormsApp5.csproj", "{B2BAA3AE-60FA-4971-8F25-5D0E7AF0413D}"
EndProject
Global
	GlobalSection(SolutionConfigurationPlatforms) = preSolution
		Debug|Any CPU = Debug|Any CPU
		Release|Any CPU = Release|Any CPU
	EndGlobalSection
	GlobalSection(ProjectConfigurationPlatforms) = postSolution
		{B2BAA3AE-60FA-4971-8F25-5D0E7AF0413D}.Debug|Any CPU.ActiveCfg = Debug|Any CPU
		{B2BAA3AE-60FA-4971-8F25-5D0E7AF0413D}.Debug|Any CPU.Build.0 = Debug|Any CPU
		{B2BAA3AE-60FA-4971-8F25-5D0E7AF0413D}.Release|Any CPU.ActiveCfg = Release|Any CPU
		{B2BAA3AE-60FA-4971-8F25-5D0E7AF0413D}.Release|Any CPU.Build.0 = Release|Any CPU
	EndGlobalSection
	GlobalSection(SolutionProperties) = preSolution
		HideSolutionNode = FALSE
	EndGlobalSection
	GlobalSection(ExtensibilityGlobals) = postSolution
		SolutionGuid = {248CFB93-0FD8-4A7F-8E89-78D076CDE9D9}
	EndGlobalSection
EndGlobal
